
Microsoft Visual Studio Solution File, Format Version 12.00
# Visual Studio Version 16
VisualStudioVersion = 16.0.31702.278
MinimumVisualStudioVersion = 10.0.40219.1
Project("{9A19103F-16F7-4668-BE54-9A1E7A4F7556}") = "Дерево", "Диплом\Дерево.csproj", "{49B24A64-7AF9-4ED8-B7D3-5192123F2979}"
EndProject
Project("{9A19103F-16F7-4668-BE54-9A1E7A4F7556}") = "Батон", "Батон\Батон.csproj", "{9782803A-DDE3-4583-BC41-9F2B2162664E}"
EndProject
Project("{FAE04EC0-301F-11D3-BF4B-00C04F79EFBC}") = "3_вариант", "3_вариант\3_вариант.csproj", "{02DCBBFB-3D75-43BF-9599-CA7D2629C69C}"
EndProject
Global
	GlobalSection(SolutionConfigurationPlatforms) = preSolution
		Debug|Any CPU = Debug|Any CPU
		Release|Any CPU = Release|Any CPU
	EndGlobalSection
	GlobalSection(ProjectConfigurationPlatforms) = postSolution
		{49B24A64-7AF9-4ED8-B7D3-5192123F2979}.Debug|Any CPU.ActiveCfg = Debug|Any CPU
		{49B24A64-7AF9-4ED8-B7D3-5192123F2979}.Debug|Any CPU.Build.0 = Debug|Any CPU
		{49B24A64-7AF9-4ED8-B7D3-5192123F2979}.Release|Any CPU.ActiveCfg = Release|Any CPU
		{49B24A64-7AF9-4ED8-B7D3-5192123F2979}.Release|Any CPU.Build.0 = Release|Any CPU
		{9782803A-DDE3-4583-BC41-9F2B2162664E}.Debug|Any CPU.ActiveCfg = Debug|Any CPU
		{9782803A-DDE3-4583-BC41-9F2B2162664E}.Debug|Any CPU.Build.0 = Debug|Any CPU
		{9782803A-DDE3-4583-BC41-9F2B2162664E}.Release|Any CPU.ActiveCfg = Release|Any CPU
		{9782803A-DDE3-4583-BC41-9F2B2162664E}.Release|Any CPU.Build.0 = Release|Any CPU
		{02DCBBFB-3D75-43BF-9599-CA7D2629C69C}.Debug|Any CPU.ActiveCfg = Debug|Any CPU
		{02DCBBFB-3D75-43BF-9599-CA7D2629C69C}.Debug|Any CPU.Build.0 = Debug|Any CPU
		{02DCBBFB-3D75-43BF-9599-CA7D2629C69C}.Release|Any CPU.ActiveCfg = Release|Any CPU
		{02DCBBFB-3D75-43BF-9599-CA7D2629C69C}.Release|Any CPU.Build.0 = Release|Any CPU
	EndGlobalSection
	GlobalSection(SolutionProperties) = preSolution
		HideSolutionNode = FALSE
	EndGlobalSection
	GlobalSection(ExtensibilityGlobals) = postSolution
		SolutionGuid = {4555F9F3-73FA-4A56-9D1A-5E745007B2C4}
	EndGlobalSection
EndGlobal
